
Microsoft Visual Studio Solution File, Format Version 12.00
# Visual Studio Version 17
VisualStudioVersion = 17.5.33502.453
MinimumVisualStudioVersion = 10.0.40219.1
Project("{9A19103F-16F7-4668-BE54-9A1E7A4F7556}") = "MasterDetailBlazor.Server", "MasterDetailBlazor\Server\MasterDetailBlazor.Server.csproj", "{433DD6E3-290B-4F89-A579-2DEA24E48BBA}"
EndProject
Project("{9A19103F-16F7-4668-BE54-9A1E7A4F7556}") = "MasterDetailBlazor.Client", "MasterDetailBlazor\Client\MasterDetailBlazor.Client.csproj", "{64452CDC-1A75-45A3-8E6B-14D50F34EBBC}"
EndProject
Project("{9A19103F-16F7-4668-BE54-9A1E7A4F7556}") = "MasterDetailBlazor.Shared", "MasterDetailBlazor\Shared\MasterDetailBlazor.Shared.csproj", "{FFD404F6-A27A-4ECB-85AF-7F6819514DD0}"
EndProject
Global
	GlobalSection(SolutionConfigurationPlatforms) = preSolution
		Debug|Any CPU = Debug|Any CPU
		Release|Any CPU = Release|Any CPU
	EndGlobalSection
	GlobalSection(ProjectConfigurationPlatforms) = postSolution
		{433DD6E3-290B-4F89-A579-2DEA24E48BBA}.Debug|Any CPU.ActiveCfg = Debug|Any CPU
		{433DD6E3-290B-4F89-A579-2DEA24E48BBA}.Debug|Any CPU.Build.0 = Debug|Any CPU
		{433DD6E3-290B-4F89-A579-2DEA24E48BBA}.Release|Any CPU.ActiveCfg = Release|Any CPU
		{433DD6E3-290B-4F89-A579-2DEA24E48BBA}.Release|Any CPU.Build.0 = Release|Any CPU
		{64452CDC-1A75-45A3-8E6B-14D50F34EBBC}.Debug|Any CPU.ActiveCfg = Debug|Any CPU
		{64452CDC-1A75-45A3-8E6B-14D50F34EBBC}.Debug|Any CPU.Build.0 = Debug|Any CPU
		{64452CDC-1A75-45A3-8E6B-14D50F34EBBC}.Release|Any CPU.ActiveCfg = Release|Any CPU
		{64452CDC-1A75-45A3-8E6B-14D50F34EBBC}.Release|Any CPU.Build.0 = Release|Any CPU
		{FFD404F6-A27A-4ECB-85AF-7F6819514DD0}.Debug|Any CPU.ActiveCfg = Debug|Any CPU
		{FFD404F6-A27A-4ECB-85AF-7F6819514DD0}.Debug|Any CPU.Build.0 = Debug|Any CPU
		{FFD404F6-A27A-4ECB-85AF-7F6819514DD0}.Release|Any CPU.ActiveCfg = Release|Any CPU
		{FFD404F6-A27A-4ECB-85AF-7F6819514DD0}.Release|Any CPU.Build.0 = Release|Any CPU
	EndGlobalSection
	GlobalSection(SolutionProperties) = preSolution
		HideSolutionNode = FALSE
	EndGlobalSection
	GlobalSection(ExtensibilityGlobals) = postSolution
		SolutionGuid = {54057E3E-266E-42D5-904C-4B4C1F386876}
	EndGlobalSection
EndGlobal
